
Microsoft Visual Studio Solution File, Format Version 12.00
# Visual Studio Version 17
VisualStudioVersion = 17.5.002.0
MinimumVisualStudioVersion = 10.0.40219.1
Project("{9A19103F-16F7-4668-BE54-9A1E7A4F7556}") = "DesafioFundamentos", "DesafioFundamentos.csproj", "{367FCCB8-6028-4DDF-9EBC-57CCB65DD229}"
EndProject
Global
	GlobalSection(SolutionConfigurationPlatforms) = preSolution
		Debug|Any CPU = Debug|Any CPU
		Release|Any CPU = Release|Any CPU
	EndGlobalSection
	GlobalSection(ProjectConfigurationPlatforms) = postSolution
		{367FCCB8-6028-4DDF-9EBC-57CCB65DD229}.Debug|Any CPU.ActiveCfg = Debug|Any CPU
		{367FCCB8-6028-4DDF-9EBC-57CCB65DD229}.Debug|Any CPU.Build.0 = Debug|Any CPU
		{367FCCB8-6028-4DDF-9EBC-57CCB65DD229}.Release|Any CPU.ActiveCfg = Release|Any CPU
		{367FCCB8-6028-4DDF-9EBC-57CCB65DD229}.Release|Any CPU.Build.0 = Release|Any CPU
	EndGlobalSection
	GlobalSection(SolutionProperties) = preSolution
		HideSolutionNode = FALSE
	EndGlobalSection
	GlobalSection(ExtensibilityGlobals) = postSolution
		SolutionGuid = {8043AB5C-9A3F-4C09-9355-6F41CB7E350F}
	EndGlobalSection
EndGlobal
